
Microsoft Visual Studio Solution File, Format Version 12.00
# Visual Studio Version 16
VisualStudioVersion = 16.0.30104.148
MinimumVisualStudioVersion = 10.0.40219.1
Project("{FAE04EC0-301F-11D3-BF4B-00C04F79EFBC}") = "WFALoginApp", "WFALoginApp\WFALoginApp.csproj", "{935D4AF7-E1B2-4AAE-A97B-67AEF5B34B19}"
EndProject
Global
	GlobalSection(SolutionConfigurationPlatforms) = preSolution
		Debug|Any CPU = Debug|Any CPU
		Release|Any CPU = Release|Any CPU
	EndGlobalSection
	GlobalSection(ProjectConfigurationPlatforms) = postSolution
		{935D4AF7-E1B2-4AAE-A97B-67AEF5B34B19}.Debug|Any CPU.ActiveCfg = Debug|Any CPU
		{935D4AF7-E1B2-4AAE-A97B-67AEF5B34B19}.Debug|Any CPU.Build.0 = Debug|Any CPU
		{935D4AF7-E1B2-4AAE-A97B-67AEF5B34B19}.Release|Any CPU.ActiveCfg = Release|Any CPU
		{935D4AF7-E1B2-4AAE-A97B-67AEF5B34B19}.Release|Any CPU.Build.0 = Release|Any CPU
	EndGlobalSection
	GlobalSection(SolutionProperties) = preSolution
		HideSolutionNode = FALSE
	EndGlobalSection
	GlobalSection(ExtensibilityGlobals) = postSolution
		SolutionGuid = {60EEE3C9-65A8-45E0-9D85-E5A86DC5A2BC}
	EndGlobalSection
EndGlobal
